// !$*UTF8*$!
{
	archiveVersion = 1;
	classes = {
	};
	objectVersion = 77;
	objects = {

/* Begin PBXContainerItemProxy section */
		5C5F984B2CBEC4AD00062F9B /* PBXContainerItemProxy */ = {
			isa = PBXContainerItemProxy;
			containerPortal = 5C5F98322CBEC4AB00062F9B /* Project object */;
			proxyType = 1;
			remoteGlobalIDString = 5C5F98392CBEC4AB00062F9B;
			remoteInfo = Vitrack;
		};
		5C5F98552CBEC4AD00062F9B /* PBXContainerItemProxy */ = {
			isa = PBXContainerItemProxy;
			containerPortal = 5C5F98322CBEC4AB00062F9B /* Project object */;
			proxyType = 1;
			remoteGlobalIDString = 5C5F98392CBEC4AB00062F9B;
			remoteInfo = Vitrack;
		};
/* End PBXContainerItemProxy section */

/* Begin PBXFileReference section */
		5C5F983A2CBEC4AB00062F9B /* Vitrack.app */ = {isa = PBXFileReference; explicitFileType = wrapper.application; includeInIndex = 0; path = Vitrack.app; sourceTree = BUILT_PRODUCTS_DIR; };
		5C5F984A2CBEC4AD00062F9B /* VitrackTests.xctest */ = {isa = PBXFileReference; explicitFileType = wrapper.cfbundle; includeInIndex = 0; path = VitrackTests.xctest; sourceTree = BUILT_PRODUCTS_DIR; };
		5C5F98542CBEC4AD00062F9B /* VitrackUITests.xctest */ = {isa = PBXFileReference; explicitFileType = wrapper.cfbundle; includeInIndex = 0; path = VitrackUITests.xctest; sourceTree = BUILT_PRODUCTS_DIR; };
/* End PBXFileReference section */

/* Begin PBXFileSystemSynchronizedBuildFileExceptionSet section */
		5CF89F262CE3D62600F29A51 /* Exceptions for "Vitrack" folder in "VitrackTests" target */ = {
			isa = PBXFileSystemSynchronizedBuildFileExceptionSet;
			membershipExceptions = (
				Scanner/VitaMo13.mlmodel,
			);
			target = 5C5F98492CBEC4AD00062F9B /* VitrackTests */;
		};
		5CF89F272CE3D62600F29A51 /* Exceptions for "Vitrack" folder in "VitrackUITests" target */ = {
			isa = PBXFileSystemSynchronizedBuildFileExceptionSet;
			membershipExceptions = (
				Scanner/VitaMo13.mlmodel,
			);
			target = 5C5F98532CBEC4AD00062F9B /* VitrackUITests */;
		};
/* End PBXFileSystemSynchronizedBuildFileExceptionSet section */

/* Begin PBXFileSystemSynchronizedRootGroup section */
		5C5F983C2CBEC4AB00062F9B /* Vitrack */ = {
			isa = PBXFileSystemSynchronizedRootGroup;
			exceptions = (
				5CF89F262CE3D62600F29A51 /* Exceptions for "Vitrack" folder in "VitrackTests" target */,
				5CF89F272CE3D62600F29A51 /* Exceptions for "Vitrack" folder in "VitrackUITests" target */,
			);
			path = Vitrack;
			sourceTree = "<group>";
		};
		5C5F984D2CBEC4AD00062F9B /* VitrackTests */ = {
			isa = PBXFileSystemSynchronizedRootGroup;
			path = VitrackTests;
			sourceTree = "<group>";
		};
		5C5F98572CBEC4AD00062F9B /* VitrackUITests */ = {
			isa = PBXFileSystemSynchronizedRootGroup;
			path = VitrackUITests;
			sourceTree = "<group>";
		};
/* End PBXFileSystemSynchronizedRootGroup section */

/* Begin PBXFrameworksBuildPhase section */
		5C5F98372CBEC4AB00062F9B /* Frameworks */ = {
			isa = PBXFrameworksBuildPhase;
			buildActionMask = 2147483647;
			files = (
			);
			runOnlyForDeploymentPostprocessing = 0;
		};
		5C5F98472CBEC4AD00062F9B /* Frameworks */ = {
			isa = PBXFrameworksBuildPhase;
			buildActionMask = 2147483647;
			files = (
			);
			runOnlyForDeploymentPostprocessing = 0;
		};
		5C5F98512CBEC4AD00062F9B /* Frameworks */ = {
			isa = PBXFrameworksBuildPhase;
			buildActionMask = 2147483647;
			files = (
			);
			runOnlyForDeploymentPostprocessing = 0;
		};
/* End PBXFrameworksBuildPhase section */

/* Begin PBXGroup section */
		5C5F98312CBEC4AB00062F9B = {
			isa = PBXGroup;
			children = (
				5C5F983C2CBEC4AB00062F9B /* Vitrack */,
				5C5F984D2CBEC4AD00062F9B /* VitrackTests */,
				5C5F98572CBEC4AD00062F9B /* VitrackUITests */,
				5C5F983B2CBEC4AB00062F9B /* Products */,
			);
			sourceTree = "<group>";
		};
		5C5F983B2CBEC4AB00062F9B /* Products */ = {
			isa = PBXGroup;
			children = (
				5C5F983A2CBEC4AB00062F9B /* Vitrack.app */,
				5C5F984A2CBEC4AD00062F9B /* VitrackTests.xctest */,
				5C5F98542CBEC4AD00062F9B /* VitrackUITests.xctest */,
			);
			name = Products;
			sourceTree = "<group>";
		};
/* End PBXGroup section */

/* Begin PBXNativeTarget section */
		5C5F98392CBEC4AB00062F9B /* Vitrack */ = {
			isa = PBXNativeTarget;
			buildConfigurationList = 5C5F985E2CBEC4AD00062F9B /* Build configuration list for PBXNativeTarget "Vitrack" */;
			buildPhases = (
				5C5F98362CBEC4AB00062F9B /* Sources */,
				5C5F98372CBEC4AB00062F9B /* Frameworks */,
				5C5F98382CBEC4AB00062F9B /* Resources */,
			);
			buildRules = (
			);
			dependencies = (
			);
			fileSystemSynchronizedGroups = (
				5C5F983C2CBEC4AB00062F9B /* Vitrack */,
			);
			name = Vitrack;
			packageProductDependencies = (
			);
			productName = Vitrack;
			productReference = 5C5F983A2CBEC4AB00062F9B /* Vitrack.app */;
			productType = "com.apple.product-type.application";
		};
		5C5F98492CBEC4AD00062F9B /* VitrackTests */ = {
			isa = PBXNativeTarget;
			buildConfigurationList = 5C5F98612CBEC4AD00062F9B /* Build configuration list for PBXNativeTarget "VitrackTests" */;
			buildPhases = (
				5C5F98462CBEC4AD00062F9B /* Sources */,
				5C5F98472CBEC4AD00062F9B /* Frameworks */,
				5C5F98482CBEC4AD00062F9B /* Resources */,
			);
			buildRules = (
			);
			dependencies = (
				5C5F984C2CBEC4AD00062F9B /* PBXTargetDependency */,
			);
			fileSystemSynchronizedGroups = (
				5C5F984D2CBEC4AD00062F9B /* VitrackTests */,
			);
			name = VitrackTests;
			packageProductDependencies = (
			);
			productName = VitrackTests;
			productReference = 5C5F984A2CBEC4AD00062F9B /* VitrackTests.xctest */;
			productType = "com.apple.product-type.bundle.unit-test";
		};
		5C5F98532CBEC4AD00062F9B /* VitrackUITests */ = {
			isa = PBXNativeTarget;
			buildConfigurationList = 5C5F98642CBEC4AD00062F9B /* Build configuration list for PBXNativeTarget "VitrackUITests" */;
			buildPhases = (
				5C5F98502CBEC4AD00062F9B /* Sources */,
				5C5F98512CBEC4AD00062F9B /* Frameworks */,
				5C5F98522CBEC4AD00062F9B /* Resources */,
			);
			buildRules = (
			);
			dependencies = (
				5C5F98562CBEC4AD00062F9B /* PBXTargetDependency */,
			);
			fileSystemSynchronizedGroups = (
				5C5F98572CBEC4AD00062F9B /* VitrackUITests */,
			);
			name = VitrackUITests;
			packageProductDependencies = (
			);
			productName = VitrackUITests;
			productReference = 5C5F98542CBEC4AD00062F9B /* VitrackUITests.xctest */;
			productType = "com.apple.product-type.bundle.ui-testing";
		};
/* End PBXNativeTarget section */

/* Begin PBXProject section */
		5C5F98322CBEC4AB00062F9B /* Project object */ = {
			isa = PBXProject;
			attributes = {
				BuildIndependentTargetsInParallel = 1;
				LastSwiftUpdateCheck = 1600;
				LastUpgradeCheck = 1600;
				TargetAttributes = {
					5C5F98392CBEC4AB00062F9B = {
						CreatedOnToolsVersion = 16.0;
					};
					5C5F98492CBEC4AD00062F9B = {
						CreatedOnToolsVersion = 16.0;
						TestTargetID = 5C5F98392CBEC4AB00062F9B;
					};
					5C5F98532CBEC4AD00062F9B = {
						CreatedOnToolsVersion = 16.0;
						TestTargetID = 5C5F98392CBEC4AB00062F9B;
					};
				};
			};
			buildConfigurationList = 5C5F98352CBEC4AB00062F9B /* Build configuration list for PBXProject "Vitrack" */;
			developmentRegion = en;
			hasScannedForEncodings = 0;
			knownRegions = (
				en,
				Base,
			);
			mainGroup = 5C5F98312CBEC4AB00062F9B;
			minimizedProjectReferenceProxies = 1;
			preferredProjectObjectVersion = 77;
			productRefGroup = 5C5F983B2CBEC4AB00062F9B /* Products */;
			projectDirPath = "";
			projectRoot = "";
			targets = (
				5C5F98392CBEC4AB00062F9B /* Vitrack */,
				5C5F98492CBEC4AD00062F9B /* VitrackTests */,
				5C5F98532CBEC4AD00062F9B /* VitrackUITests */,
			);
		};
/* End PBXProject section */

/* Begin PBXResourcesBuildPhase section */
		5C5F98382CBEC4AB00062F9B /* Resources */ = {
			isa = PBXResourcesBuildPhase;
			buildActionMask = 2147483647;
			files = (
			);
			runOnlyForDeploymentPostprocessing = 0;
		};
		5C5F98482CBEC4AD00062F9B /* Resources */ = {
			isa = PBXResourcesBuildPhase;
			buildActionMask = 2147483647;
			files = (
			);
			runOnlyForDeploymentPostprocessing = 0;
		};
		5C5F98522CBEC4AD00062F9B /* Resources */ = {
			isa = PBXResourcesBuildPhase;
			buildActionMask = 2147483647;
			files = (
			);
			runOnlyForDeploymentPostprocessing = 0;
		};
/* End PBXResourcesBuildPhase section */

/* Begin PBXSourcesBuildPhase section */
		5C5F98362CBEC4AB00062F9B /* Sources */ = {
			isa = PBXSourcesBuildPhase;
			buildActionMask = 2147483647;
			files = (
			);
			runOnlyForDeploymentPostprocessing = 0;
		};
		5C5F98462CBEC4AD00062F9B /* Sources */ = {
			isa = PBXSourcesBuildPhase;
			buildActionMask = 2147483647;
			files = (
			);
			runOnlyForDeploymentPostprocessing = 0;
		};
		5C5F98502CBEC4AD00062F9B /* Sources */ = {
			isa = PBXSourcesBuildPhase;
			buildActionMask = 2147483647;
			files = (
			);
			runOnlyForDeploymentPostprocessing = 0;
		};
/* End PBXSourcesBuildPhase section */

/* Begin PBXTargetDependency section */
		5C5F984C2CBEC4AD00062F9B /* PBXTargetDependency */ = {
			isa = PBXTargetDependency;
			target = 5C5F98392CBEC4AB00062F9B /* Vitrack */;
			targetProxy = 5C5F984B2CBEC4AD00062F9B /* PBXContainerItemProxy */;
		};
		5C5F98562CBEC4AD00062F9B /* PBXTargetDependency */ = {
			isa = PBXTargetDependency;
			target = 5C5F98392CBEC4AB00062F9B /* Vitrack */;
			targetProxy = 5C5F98552CBEC4AD00062F9B /* PBXContainerItemProxy */;
		};
/* End PBXTargetDependency section */

/* Begin XCBuildConfiguration section */
		5C5F985C2CBEC4AD00062F9B /* Debug */ = {
			isa = XCBuildConfiguration;
			buildSettings = {
				ALWAYS_SEARCH_USER_PATHS = NO;
				ASSETCATALOG_COMPILER_GENERATE_SWIFT_ASSET_SYMBOL_EXTENSIONS = YES;
				CLANG_ANALYZER_NONNULL = YES;
				CLANG_ANALYZER_NUMBER_OBJECT_CONVERSION = YES_AGGRESSIVE;
				CLANG_CXX_LANGUAGE_STANDARD = "gnu++20";
				CLANG_ENABLE_MODULES = YES;
				CLANG_ENABLE_OBJC_ARC = YES;
				CLANG_ENABLE_OBJC_WEAK = YES;
				CLANG_WARN_BLOCK_CAPTURE_AUTORELEASING = YES;
				CLANG_WARN_BOOL_CONVERSION = YES;
				CLANG_WARN_COMMA = YES;
				CLANG_WARN_CONSTANT_CONVERSION = YES;
				CLANG_WARN_DEPRECATED_OBJC_IMPLEMENTATIONS = YES;
				CLANG_WARN_DIRECT_OBJC_ISA_USAGE = YES_ERROR;
				CLANG_WARN_DOCUMENTATION_COMMENTS = YES;
				CLANG_WARN_EMPTY_BODY = YES;
				CLANG_WARN_ENUM_CONVERSION = YES;
				CLANG_WARN_INFINITE_RECURSION = YES;
				CLANG_WARN_INT_CONVERSION = YES;
				CLANG_WARN_NON_LITERAL_NULL_CONVERSION = YES;
				CLANG_WARN_OBJC_IMPLICIT_RETAIN_SELF = YES;
				CLANG_WARN_OBJC_LITERAL_CONVERSION = YES;
				CLANG_WARN_OBJC_ROOT_CLASS = YES_ERROR;
				CLANG_WARN_QUOTED_INCLUDE_IN_FRAMEWORK_HEADER = YES;
				CLANG_WARN_RANGE_LOOP_ANALYSIS = YES;
				CLANG_WARN_STRICT_PROTOTYPES = YES;
				CLANG_WARN_SUSPICIOUS_MOVE = YES;
				CLANG_WARN_UNGUARDED_AVAILABILITY = YES_AGGRESSIVE;
				CLANG_WARN_UNREACHABLE_CODE = YES;
				CLANG_WARN__DUPLICATE_METHOD_MATCH = YES;
				COPY_PHASE_STRIP = NO;
				DEBUG_INFORMATION_FORMAT = dwarf;
				ENABLE_STRICT_OBJC_MSGSEND = YES;
				ENABLE_TESTABILITY = YES;
				ENABLE_USER_SCRIPT_SANDBOXING = YES;
				GCC_C_LANGUAGE_STANDARD = gnu17;
				GCC_DYNAMIC_NO_PIC = NO;
				GCC_NO_COMMON_BLOCKS = YES;
				GCC_OPTIMIZATION_LEVEL = 0;
				GCC_PREPROCESSOR_DEFINITIONS = (
					"DEBUG=1",
					"$(inherited)",
				);
				GCC_WARN_64_TO_32_BIT_CONVERSION = YES;
				GCC_WARN_ABOUT_RETURN_TYPE = YES_ERROR;
				GCC_WARN_UNDECLARED_SELECTOR = YES;
				GCC_WARN_UNINITIALIZED_AUTOS = YES_AGGRESSIVE;
				GCC_WARN_UNUSED_FUNCTION = YES;
				GCC_WARN_UNUSED_VARIABLE = YES;
				IPHONEOS_DEPLOYMENT_TARGET = 18.0;
				LOCALIZATION_PREFERS_STRING_CATALOGS = YES;
				MTL_ENABLE_DEBUG_INFO = INCLUDE_SOURCE;
				MTL_FAST_MATH = YES;
				ONLY_ACTIVE_ARCH = YES;
				SDKROOT = iphoneos;
				SWIFT_ACTIVE_COMPILATION_CONDITIONS = "DEBUG $(inherited)";
				SWIFT_OPTIMIZATION_LEVEL = "-Onone";
			};
			name = Debug;
		};
		5C5F985D2CBEC4AD00062F9B /* Release */ = {
			isa = XCBuildConfiguration;
			buildSettings = {
				ALWAYS_SEARCH_USER_PATHS = NO;
				ASSETCATALOG_COMPILER_GENERATE_SWIFT_ASSET_SYMBOL_EXTENSIONS = YES;
				CLANG_ANALYZER_NONNULL = YES;
				CLANG_ANALYZER_NUMBER_OBJECT_CONVERSION = YES_AGGRESSIVE;
				CLANG_CXX_LANGUAGE_STANDARD = "gnu++20";
				CLANG_ENABLE_MODULES = YES;
				CLANG_ENABLE_OBJC_ARC = YES;
				CLANG_ENABLE_OBJC_WEAK = YES;
				CLANG_WARN_BLOCK_CAPTURE_AUTORELEASING = YES;
				CLANG_WARN_BOOL_CONVERSION = YES;
				CLANG_WARN_COMMA = YES;
				CLANG_WARN_CONSTANT_CONVERSION = YES;
				CLANG_WARN_DEPRECATED_OBJC_IMPLEMENTATIONS = YES;
				CLANG_WARN_DIRECT_OBJC_ISA_USAGE = YES_ERROR;
				CLANG_WARN_DOCUMENTATION_COMMENTS = YES;
				CLANG_WARN_EMPTY_BODY = YES;
				CLANG_WARN_ENUM_CONVERSION = YES;
				CLANG_WARN_INFINITE_RECURSION = YES;
				CLANG_WARN_INT_CONVERSION = YES;
				CLANG_WARN_NON_LITERAL_NULL_CONVERSION = YES;
				CLANG_WARN_OBJC_IMPLICIT_RETAIN_SELF = YES;
				CLANG_WARN_OBJC_LITERAL_CONVERSION = YES;
				CLANG_WARN_OBJC_ROOT_CLASS = YES_ERROR;
				CLANG_WARN_QUOTED_INCLUDE_IN_FRAMEWORK_HEADER = YES;
				CLANG_WARN_RANGE_LOOP_ANALYSIS = YES;
				CLANG_WARN_STRICT_PROTOTYPES = YES;
				CLANG_WARN_SUSPICIOUS_MOVE = YES;
				CLANG_WARN_UNGUARDED_AVAILABILITY = YES_AGGRESSIVE;
				CLANG_WARN_UNREACHABLE_CODE = YES;
				CLANG_WARN__DUPLICATE_METHOD_MATCH = YES;
				COPY_PHASE_STRIP = NO;
				DEBUG_INFORMATION_FORMAT = "dwarf-with-dsym";
				ENABLE_NS_ASSERTIONS = NO;
				ENABLE_STRICT_OBJC_MSGSEND = YES;
				ENABLE_USER_SCRIPT_SANDBOXING = YES;
				GCC_C_LANGUAGE_STANDARD = gnu17;
				GCC_NO_COMMON_BLOCKS = YES;
				GCC_WARN_64_TO_32_BIT_CONVERSION = YES;
				GCC_WARN_ABOUT_RETURN_TYPE = YES_ERROR;
				GCC_WARN_UNDECLARED_SELECTOR = YES;
				GCC_WARN_UNINITIALIZED_AUTOS = YES_AGGRESSIVE;
				GCC_WARN_UNUSED_FUNCTION = YES;
				GCC_WARN_UNUSED_VARIABLE = YES;
				IPHONEOS_DEPLOYMENT_TARGET = 18.0;
				LOCALIZATION_PREFERS_STRING_CATALOGS = YES;
				MTL_ENABLE_DEBUG_INFO = NO;
				MTL_FAST_MATH = YES;
				SDKROOT = iphoneos;
				SWIFT_COMPILATION_MODE = wholemodule;
				VALIDATE_PRODUCT = YES;
			};
			name = Release;
		};
		5C5F985F2CBEC4AD00062F9B /* Debug */ = {
			isa = XCBuildConfiguration;
			buildSettings = {
				ASSETCATALOG_COMPILER_APPICON_NAME = AppIcon;
				ASSETCATALOG_COMPILER_GLOBAL_ACCENT_COLOR_NAME = AccentColor;
				CODE_SIGN_STYLE = Automatic;
				CURRENT_PROJECT_VERSION = 1;
				DEVELOPMENT_ASSET_PATHS = "\"Vitrack/Preview Content\"";
				DEVELOPMENT_TEAM = 7UKNH6386P;
				ENABLE_PREVIEWS = YES;
				GENERATE_INFOPLIST_FILE = YES;
				INFOPLIST_KEY_NSCameraUsageDescription = "\"La aplicación necesita acceso a la cámara para capturar fotos de comida y analizar su contenido.\"";
				INFOPLIST_KEY_UIApplicationSceneManifest_Generation = YES;
				INFOPLIST_KEY_UIApplicationSupportsIndirectInputEvents = YES;
				INFOPLIST_KEY_UILaunchScreen_Generation = YES;
				INFOPLIST_KEY_UISupportedInterfaceOrientations_iPad = "UIInterfaceOrientationPortrait UIInterfaceOrientationPortraitUpsideDown UIInterfaceOrientationLandscapeLeft UIInterfaceOrientationLandscapeRight";
				INFOPLIST_KEY_UISupportedInterfaceOrientations_iPhone = "UIInterfaceOrientationPortrait UIInterfaceOrientationLandscapeLeft UIInterfaceOrientationLandscapeRight";
				LD_RUNPATH_SEARCH_PATHS = (
					"$(inherited)",
					"@executable_path/Frameworks",
				);
				MARKETING_VERSION = 1.0;
				PRODUCT_BUNDLE_IDENTIFIER = ICC.Vitrack;
				PRODUCT_NAME = "$(TARGET_NAME)";
				SWIFT_EMIT_LOC_STRINGS = YES;
				SWIFT_VERSION = 5.0;
				TARGETED_DEVICE_FAMILY = "1,2";
			};
			name = Debug;
		};
		5C5F98602CBEC4AD00062F9B /* Release */ = {
			isa = XCBuildConfiguration;
			buildSettings = {
				ASSETCATALOG_COMPILER_APPICON_NAME = AppIcon;
				ASSETCATALOG_COMPILER_GLOBAL_ACCENT_COLOR_NAME = AccentColor;
				CODE_SIGN_STYLE = Automatic;
				CURRENT_PROJECT_VERSION = 1;
				DEVELOPMENT_ASSET_PATHS = "\"Vitrack/Preview Content\"";
				DEVELOPMENT_TEAM = 7UKNH6386P;
				ENABLE_PREVIEWS = YES;
				GENERATE_INFOPLIST_FILE = YES;
				INFOPLIST_KEY_NSCameraUsageDescription = "\"La aplicación necesita acceso a la cámara para capturar fotos de comida y analizar su contenido.\"";
				INFOPLIST_KEY_UIApplicationSceneManifest_Generation = YES;
				INFOPLIST_KEY_UIApplicationSupportsIndirectInputEvents = YES;
				INFOPLIST_KEY_UILaunchScreen_Generation = YES;
				INFOPLIST_KEY_UISupportedInterfaceOrientations_iPad = "UIInterfaceOrientationPortrait UIInterfaceOrientationPortraitUpsideDown UIInterfaceOrientationLandscapeLeft UIInterfaceOrientationLandscapeRight";
				INFOPLIST_KEY_UISupportedInterfaceOrientations_iPhone = "UIInterfaceOrientationPortrait UIInterfaceOrientationLandscapeLeft UIInterfaceOrientationLandscapeRight";
				LD_RUNPATH_SEARCH_PATHS = (
					"$(inherited)",
					"@executable_path/Frameworks",
				);
				MARKETING_VERSION = 1.0;
				PRODUCT_BUNDLE_IDENTIFIER = ICC.Vitrack;
				PRODUCT_NAME = "$(TARGET_NAME)";
				SWIFT_EMIT_LOC_STRINGS = YES;
				SWIFT_VERSION = 5.0;
				TARGETED_DEVICE_FAMILY = "1,2";
			};
			name = Release;
		};
		5C5F98622CBEC4AD00062F9B /* Debug */ = {
			isa = XCBuildConfiguration;
			buildSettings = {
				BUNDLE_LOADER = "$(TEST_HOST)";
				CODE_SIGN_STYLE = Automatic;
				CURRENT_PROJECT_VERSION = 1;
				DEVELOPMENT_TEAM = 7UKNH6386P;
				GENERATE_INFOPLIST_FILE = YES;
				IPHONEOS_DEPLOYMENT_TARGET = 18.0;
				MARKETING_VERSION = 1.0;
				PRODUCT_BUNDLE_IDENTIFIER = ICC.VitrackTests;
				PRODUCT_NAME = "$(TARGET_NAME)";
				SWIFT_EMIT_LOC_STRINGS = NO;
				SWIFT_VERSION = 5.0;
				TARGETED_DEVICE_FAMILY = "1,2";
				TEST_HOST = "$(BUILT_PRODUCTS_DIR)/Vitrack.app/$(BUNDLE_EXECUTABLE_FOLDER_PATH)/Vitrack";
			};
			name = Debug;
		};
		5C5F98632CBEC4AD00062F9B /* Release */ = {
			isa = XCBuildConfiguration;
			buildSettings = {
				BUNDLE_LOADER = "$(TEST_HOST)";
				CODE_SIGN_STYLE = Automatic;
				CURRENT_PROJECT_VERSION = 1;
				DEVELOPMENT_TEAM = 7UKNH6386P;
				GENERATE_INFOPLIST_FILE = YES;
				IPHONEOS_DEPLOYMENT_TARGET = 18.0;
				MARKETING_VERSION = 1.0;
				PRODUCT_BUNDLE_IDENTIFIER = ICC.VitrackTests;
				PRODUCT_NAME = "$(TARGET_NAME)";
				SWIFT_EMIT_LOC_STRINGS = NO;
				SWIFT_VERSION = 5.0;
				TARGETED_DEVICE_FAMILY = "1,2";
				TEST_HOST = "$(BUILT_PRODUCTS_DIR)/Vitrack.app/$(BUNDLE_EXECUTABLE_FOLDER_PATH)/Vitrack";
			};
			name = Release;
		};
		5C5F98652CBEC4AD00062F9B /* Debug */ = {
			isa = XCBuildConfiguration;
			buildSettings = {
				CODE_SIGN_STYLE = Automatic;
				CURRENT_PROJECT_VERSION = 1;
				DEVELOPMENT_TEAM = 7UKNH6386P;
				GENERATE_INFOPLIST_FILE = YES;
				MARKETING_VERSION = 1.0;
				PRODUCT_BUNDLE_IDENTIFIER = ICC.VitrackUITests;
				PRODUCT_NAME = "$(TARGET_NAME)";
				SWIFT_EMIT_LOC_STRINGS = NO;
				SWIFT_VERSION = 5.0;
				TARGETED_DEVICE_FAMILY = "1,2";
				TEST_TARGET_NAME = Vitrack;
			};
			name = Debug;
		};
		5C5F98662CBEC4AD00062F9B /* Release */ = {
			isa = XCBuildConfiguration;
			buildSettings = {
				CODE_SIGN_STYLE = Automatic;
				CURRENT_PROJECT_VERSION = 1;
				DEVELOPMENT_TEAM = 7UKNH6386P;
				GENERATE_INFOPLIST_FILE = YES;
				MARKETING_VERSION = 1.0;
				PRODUCT_BUNDLE_IDENTIFIER = ICC.VitrackUITests;
				PRODUCT_NAME = "$(TARGET_NAME)";
				SWIFT_EMIT_LOC_STRINGS = NO;
				SWIFT_VERSION = 5.0;
				TARGETED_DEVICE_FAMILY = "1,2";
				TEST_TARGET_NAME = Vitrack;
			};
			name = Release;
		};
/* End XCBuildConfiguration section */

/* Begin XCConfigurationList section */
		5C5F98352CBEC4AB00062F9B /* Build configuration list for PBXProject "Vitrack" */ = {
			isa = XCConfigurationList;
			buildConfigurations = (
				5C5F985C2CBEC4AD00062F9B /* Debug */,
				5C5F985D2CBEC4AD00062F9B /* Release */,
			);
			defaultConfigurationIsVisible = 0;
			defaultConfigurationName = Release;
		};
		5C5F985E2CBEC4AD00062F9B /* Build configuration list for PBXNativeTarget "Vitrack" */ = {
			isa = XCConfigurationList;
			buildConfigurations = (
				5C5F985F2CBEC4AD00062F9B /* Debug */,
				5C5F98602CBEC4AD00062F9B /* Release */,
			);
			defaultConfigurationIsVisible = 0;
			defaultConfigurationName = Release;
		};
		5C5F98612CBEC4AD00062F9B /* Build configuration list for PBXNativeTarget "VitrackTests" */ = {
			isa = XCConfigurationList;
			buildConfigurations = (
				5C5F98622CBEC4AD00062F9B /* Debug */,
				5C5F98632CBEC4AD00062F9B /* Release */,
			);
			defaultConfigurationIsVisible = 0;
			defaultConfigurationName = Release;
		};
		5C5F98642CBEC4AD00062F9B /* Build configuration list for PBXNativeTarget "VitrackUITests" */ = {
			isa = XCConfigurationList;
			buildConfigurations = (
				5C5F98652CBEC4AD00062F9B /* Debug */,
				5C5F98662CBEC4AD00062F9B /* Release */,
			);
			defaultConfigurationIsVisible = 0;
			defaultConfigurationName = Release;
		};
/* End XCConfigurationList section */
	};
	rootObject = 5C5F98322CBEC4AB00062F9B /* Project object */;
}
